
Microsoft Visual Studio Solution File, Format Version 10.00
# Visual Studio 2008
Project("{FAE04EC0-301F-11D3-BF4B-00C04F79EFBC}") = "ejemploSimple", "ejemploSimple.csproj", "{2C095A55-9367-48D8-9AF0-9EE412F4DED5}"
EndProject
Global
	GlobalSection(SolutionConfigurationPlatforms) = preSolution
		Debug|x86 = Debug|x86
		Release|x86 = Release|x86
	EndGlobalSection
	GlobalSection(ProjectConfigurationPlatforms) = postSolution
		{2C095A55-9367-48D8-9AF0-9EE412F4DED5}.Debug|x86.ActiveCfg = Debug|x86
		{2C095A55-9367-48D8-9AF0-9EE412F4DED5}.Debug|x86.Build.0 = Debug|x86
		{2C095A55-9367-48D8-9AF0-9EE412F4DED5}.Release|x86.ActiveCfg = Release|x86
		{2C095A55-9367-48D8-9AF0-9EE412F4DED5}.Release|x86.Build.0 = Release|x86
	EndGlobalSection
	GlobalSection(MonoDevelopProperties) = preSolution
		StartupItem = ejemploSimple.csproj
	EndGlobalSection
EndGlobal
